<?xml version="1.0" encoding="utf-8"?>
<Project ToolsVersion="4.0" xmlns="http://schemas.microsoft.com/developer/msbuild/2003">
  <ItemGroup>
    <Filter Include="Resource Files">
      <UniqueIdentifier>{67DA6AB6-F800-4c08-8B7A-83BB121AAD01}</UniqueIdentifier>
      <Extensions>rc;ico;cur;bmp;dlg;rc2;rct;bin;rgs;gif;jpg;jpeg;jpe;resx;tiff;tif;png;wav;mfcribbon-ms</Extensions>
    </Filter>
    <Filter Include="hooks">
      <UniqueIdentifier>{06afe2e5-4942-40a3-81f4-20a4778e6434}</UniqueIdentifier>
    </Filter>
    <Filter Include="hooks\tpdp">
      <UniqueIdentifier>{2600943d-dd16-42f0-8d53-8c7a9f941bca}</UniqueIdentifier>
    </Filter>
    <Filter Include="hooks\dxgi">
      <UniqueIdentifier>{8d08abfa-e3e0-41ec-8bdb-778889de3aaf}</UniqueIdentifier>
    </Filter>
    <Filter Include="TPDPHook">
      <UniqueIdentifier>{4FC737F1-C7A5-4376-A066-2A32D752A2FF}</UniqueIdentifier>
      <Extensions>cpp;c;cc;cxx;c++;cppm;ixx;def;odl;idl;hpj;bat;asm;asmx</Extensions>
    </Filter>
  </ItemGroup>
  <ItemGroup>
    <ClCompile Include="hook.cpp">
      <Filter>TPDPHook</Filter>
    </ClCompile>
    <ClCompile Include="ini_parser.cpp">
      <Filter>TPDPHook</Filter>
    </ClCompile>
    <ClCompile Include="log.cpp">
      <Filter>TPDPHook</Filter>
    </ClCompile>
    <ClCompile Include="main.cpp">
      <Filter>TPDPHook</Filter>
    </ClCompile>
    <ClCompile Include="plugin.cpp">
      <Filter>TPDPHook</Filter>
    </ClCompile>
    <ClCompile Include="textconvert.cpp">
      <Filter>TPDPHook</Filter>
    </ClCompile>
    <ClCompile Include="version.cpp">
      <Filter>TPDPHook</Filter>
    </ClCompile>
    <ClCompile Include="tpdp\custom_abilities.cpp">
      <Filter>hooks\tpdp</Filter>
    </ClCompile>
    <ClCompile Include="tpdp\custom_skills.cpp">
      <Filter>hooks\tpdp</Filter>
    </ClCompile>
    <ClCompile Include="tpdp\hook_tpdp.cpp">
      <Filter>hooks\tpdp</Filter>
    </ClCompile>
    <ClCompile Include="tpdp\misc_hacks.cpp">
      <Filter>hooks\tpdp</Filter>
    </ClCompile>
    <ClCompile Include="tpdp\tpdp_data.cpp">
      <Filter>hooks\tpdp</Filter>
    </ClCompile>
    <ClCompile Include="dxgi\dxgi_impl.cpp">
      <Filter>hooks\dxgi</Filter>
    </ClCompile>
    <ClCompile Include="dxgi\hook_dxgi.cpp">
      <Filter>hooks\dxgi</Filter>
    </ClCompile>
  </ItemGroup>
  <ItemGroup>
    <ClInclude Include="tpdp\custom_abilities.h">
      <Filter>hooks\tpdp</Filter>
    </ClInclude>
    <ClInclude Include="tpdp\custom_skills.h">
      <Filter>hooks\tpdp</Filter>
    </ClInclude>
    <ClInclude Include="tpdp\hook_tpdp.h">
      <Filter>hooks\tpdp</Filter>
    </ClInclude>
    <ClInclude Include="tpdp\mem_structs.h">
      <Filter>hooks\tpdp</Filter>
    </ClInclude>
    <ClInclude Include="tpdp\misc_hacks.h">
      <Filter>hooks\tpdp</Filter>
    </ClInclude>
    <ClInclude Include="tpdp\tpdp_data.h">
      <Filter>hooks\tpdp</Filter>
    </ClInclude>
    <ClInclude Include="dxgi\dxgi_impl.h">
      <Filter>hooks\dxgi</Filter>
    </ClInclude>
    <ClInclude Include="dxgi\hook_dxgi.h">
      <Filter>hooks\dxgi</Filter>
    </ClInclude>
    <ClInclude Include="hook.h">
      <Filter>TPDPHook</Filter>
    </ClInclude>
    <ClInclude Include="ini_parser.h">
      <Filter>TPDPHook</Filter>
    </ClInclude>
    <ClInclude Include="log.h">
      <Filter>TPDPHook</Filter>
    </ClInclude>
    <ClInclude Include="plugin.h">
      <Filter>TPDPHook</Filter>
    </ClInclude>
    <ClInclude Include="textconvert.h">
      <Filter>TPDPHook</Filter>
    </ClInclude>
    <ClInclude Include="typedefs.h">
      <Filter>TPDPHook</Filter>
    </ClInclude>
    <ClInclude Include="version.h">
      <Filter>TPDPHook</Filter>
    </ClInclude>
  </ItemGroup>
  <ItemGroup>
    <None Include="exports.def">
      <Filter>Resource Files</Filter>
    </None>
  </ItemGroup>
</Project>